
Microsoft Visual Studio Solution File, Format Version 12.00
# Visual Studio Version 16
VisualStudioVersion = 16.0.30621.155
MinimumVisualStudioVersion = 10.0.40219.1
Project("{FAE04EC0-301F-11D3-BF4B-00C04F79EFBC}") = "App_React", "App_React\App_React.csproj", "{C5F00D16-8D3A-46E7-AA01-CCF6972B6232}"
EndProject
Global
	GlobalSection(SolutionConfigurationPlatforms) = preSolution
		Debug|Any CPU = Debug|Any CPU
		Release|Any CPU = Release|Any CPU
	EndGlobalSection
	GlobalSection(ProjectConfigurationPlatforms) = postSolution
		{C5F00D16-8D3A-46E7-AA01-CCF6972B6232}.Debug|Any CPU.ActiveCfg = Debug|Any CPU
		{C5F00D16-8D3A-46E7-AA01-CCF6972B6232}.Debug|Any CPU.Build.0 = Debug|Any CPU
		{C5F00D16-8D3A-46E7-AA01-CCF6972B6232}.Release|Any CPU.ActiveCfg = Release|Any CPU
		{C5F00D16-8D3A-46E7-AA01-CCF6972B6232}.Release|Any CPU.Build.0 = Release|Any CPU
	EndGlobalSection
	GlobalSection(SolutionProperties) = preSolution
		HideSolutionNode = FALSE
	EndGlobalSection
	GlobalSection(ExtensibilityGlobals) = postSolution
		SolutionGuid = {7126676E-C8F0-446A-AB69-0FEFBB66A7A1}
	EndGlobalSection
EndGlobal
